
Microsoft Visual Studio Solution File, Format Version 12.00
# Visual Studio Version 16
VisualStudioVersion = 16.0.30114.105
MinimumVisualStudioVersion = 10.0.40219.1
Project("{FAE04EC0-301F-11D3-BF4B-00C04F79EFBC}") = "esm-backend", "esm-backend\esm-backend.csproj", "{448DECC0-5721-4BC7-B55B-AA4E8CD36A5E}"
EndProject
Project("{FAE04EC0-301F-11D3-BF4B-00C04F79EFBC}") = "esm-backend.Test", "esm-backend.Test\esm-backend.Test.csproj", "{32D92A7C-0C97-4D94-83E6-E4688DF213B1}"
EndProject
Global
	GlobalSection(SolutionConfigurationPlatforms) = preSolution
		Debug|Any CPU = Debug|Any CPU
		Release|Any CPU = Release|Any CPU
	EndGlobalSection
	GlobalSection(SolutionProperties) = preSolution
		HideSolutionNode = FALSE
	EndGlobalSection
	GlobalSection(ProjectConfigurationPlatforms) = postSolution
		{448DECC0-5721-4BC7-B55B-AA4E8CD36A5E}.Debug|Any CPU.ActiveCfg = Debug|Any CPU
		{448DECC0-5721-4BC7-B55B-AA4E8CD36A5E}.Debug|Any CPU.Build.0 = Debug|Any CPU
		{448DECC0-5721-4BC7-B55B-AA4E8CD36A5E}.Release|Any CPU.ActiveCfg = Release|Any CPU
		{448DECC0-5721-4BC7-B55B-AA4E8CD36A5E}.Release|Any CPU.Build.0 = Release|Any CPU
		{32D92A7C-0C97-4D94-83E6-E4688DF213B1}.Debug|Any CPU.ActiveCfg = Debug|Any CPU
		{32D92A7C-0C97-4D94-83E6-E4688DF213B1}.Debug|Any CPU.Build.0 = Debug|Any CPU
		{32D92A7C-0C97-4D94-83E6-E4688DF213B1}.Release|Any CPU.ActiveCfg = Release|Any CPU
		{32D92A7C-0C97-4D94-83E6-E4688DF213B1}.Release|Any CPU.Build.0 = Release|Any CPU
	EndGlobalSection
EndGlobal
